// !$*UTF8*$!
{
	archiveVersion = 1;
	classes = {
	};
	objectVersion = 46;
	objects = {

/* Begin PBXBuildFile section */
		D55201F8196D562100F1F564 /* AppDelegate.swift in Sources */ = {isa = PBXBuildFile; fileRef = D55201F7196D562100F1F564 /* AppDelegate.swift */; };
		D55201FA196D562100F1F564 /* ViewController.swift in Sources */ = {isa = PBXBuildFile; fileRef = D55201F9196D562100F1F564 /* ViewController.swift */; };
		D55201FD196D562100F1F564 /* Main.storyboard in Resources */ = {isa = PBXBuildFile; fileRef = D55201FB196D562100F1F564 /* Main.storyboard */; };
		D55201FF196D562100F1F564 /* Images.xcassets in Resources */ = {isa = PBXBuildFile; fileRef = D55201FE196D562100F1F564 /* Images.xcassets */; };
		D552020B196D562100F1F564 /* Vkontakte_iOS_SDK_Swift_LVTests.swift in Sources */ = {isa = PBXBuildFile; fileRef = D552020A196D562100F1F564 /* Vkontakte_iOS_SDK_Swift_LVTests.swift */; };
/* End PBXBuildFile section */

/* Begin PBXContainerItemProxy section */
		D5520205196D562100F1F564 /* PBXContainerItemProxy */ = {
			isa = PBXContainerItemProxy;
			containerPortal = D55201EA196D562100F1F564 /* Project object */;
			proxyType = 1;
			remoteGlobalIDString = D55201F1196D562100F1F564;
			remoteInfo = "Vkontakte-iOS-SDK-Swift-LV";
		};
/* End PBXContainerItemProxy section */

/* Begin PBXFileReference section */
		D55201F2196D562100F1F564 /* Vkontakte-iOS-SDK-Swift-LV.app */ = {isa = PBXFileReference; explicitFileType = wrapper.application; includeInIndex = 0; path = "Vkontakte-iOS-SDK-Swift-LV.app"; sourceTree = BUILT_PRODUCTS_DIR; };
		D55201F6196D562100F1F564 /* Info.plist */ = {isa = PBXFileReference; lastKnownFileType = text.plist.xml; path = Info.plist; sourceTree = "<group>"; };
		D55201F7196D562100F1F564 /* AppDelegate.swift */ = {isa = PBXFileReference; lastKnownFileType = sourcecode.swift; path = AppDelegate.swift; sourceTree = "<group>"; };
		D55201F9196D562100F1F564 /* ViewController.swift */ = {isa = PBXFileReference; lastKnownFileType = sourcecode.swift; path = ViewController.swift; sourceTree = "<group>"; };
		D55201FC196D562100F1F564 /* Base */ = {isa = PBXFileReference; lastKnownFileType = file.storyboard; name = Base; path = Base.lproj/Main.storyboard; sourceTree = "<group>"; };
		D55201FE196D562100F1F564 /* Images.xcassets */ = {isa = PBXFileReference; lastKnownFileType = folder.assetcatalog; path = Images.xcassets; sourceTree = "<group>"; };
		D5520204196D562100F1F564 /* Vkontakte-iOS-SDK-Swift-LVTests.xctest */ = {isa = PBXFileReference; explicitFileType = wrapper.cfbundle; includeInIndex = 0; path = "Vkontakte-iOS-SDK-Swift-LVTests.xctest"; sourceTree = BUILT_PRODUCTS_DIR; };
		D5520209196D562100F1F564 /* Info.plist */ = {isa = PBXFileReference; lastKnownFileType = text.plist.xml; path = Info.plist; sourceTree = "<group>"; };
		D552020A196D562100F1F564 /* Vkontakte_iOS_SDK_Swift_LVTests.swift */ = {isa = PBXFileReference; lastKnownFileType = sourcecode.swift; path = Vkontakte_iOS_SDK_Swift_LVTests.swift; sourceTree = "<group>"; };
/* End PBXFileReference section */

/* Begin PBXFrameworksBuildPhase section */
		D55201EF196D562100F1F564 /* Frameworks */ = {
			isa = PBXFrameworksBuildPhase;
			buildActionMask = 2147483647;
			files = (
			);
			runOnlyForDeploymentPostprocessing = 0;
		};
		D5520201196D562100F1F564 /* Frameworks */ = {
			isa = PBXFrameworksBuildPhase;
			buildActionMask = 2147483647;
			files = (
			);
			runOnlyForDeploymentPostprocessing = 0;
		};
/* End PBXFrameworksBuildPhase section */

/* Begin PBXGroup section */
		D55201E9196D562100F1F564 = {
			isa = PBXGroup;
			children = (
				D55201F4196D562100F1F564 /* Vkontakte-iOS-SDK-Swift-LV */,
				D5520207196D562100F1F564 /* Vkontakte-iOS-SDK-Swift-LVTests */,
				D55201F3196D562100F1F564 /* Products */,
			);
			sourceTree = "<group>";
		};
		D55201F3196D562100F1F564 /* Products */ = {
			isa = PBXGroup;
			children = (
				D55201F2196D562100F1F564 /* Vkontakte-iOS-SDK-Swift-LV.app */,
				D5520204196D562100F1F564 /* Vkontakte-iOS-SDK-Swift-LVTests.xctest */,
			);
			name = Products;
			sourceTree = "<group>";
		};
		D55201F4196D562100F1F564 /* Vkontakte-iOS-SDK-Swift-LV */ = {
			isa = PBXGroup;
			children = (
				D55201F7196D562100F1F564 /* AppDelegate.swift */,
				D55201F9196D562100F1F564 /* ViewController.swift */,
				D55201FB196D562100F1F564 /* Main.storyboard */,
				D55201FE196D562100F1F564 /* Images.xcassets */,
				D55201F5196D562100F1F564 /* Supporting Files */,
			);
			path = "Vkontakte-iOS-SDK-Swift-LV";
			sourceTree = "<group>";
		};
		D55201F5196D562100F1F564 /* Supporting Files */ = {
			isa = PBXGroup;
			children = (
				D55201F6196D562100F1F564 /* Info.plist */,
			);
			name = "Supporting Files";
			sourceTree = "<group>";
		};
		D5520207196D562100F1F564 /* Vkontakte-iOS-SDK-Swift-LVTests */ = {
			isa = PBXGroup;
			children = (
				D552020A196D562100F1F564 /* Vkontakte_iOS_SDK_Swift_LVTests.swift */,
				D5520208196D562100F1F564 /* Supporting Files */,
			);
			path = "Vkontakte-iOS-SDK-Swift-LVTests";
			sourceTree = "<group>";
		};
		D5520208196D562100F1F564 /* Supporting Files */ = {
			isa = PBXGroup;
			children = (
				D5520209196D562100F1F564 /* Info.plist */,
			);
			name = "Supporting Files";
			sourceTree = "<group>";
		};
/* End PBXGroup section */

/* Begin PBXNativeTarget section */
		D55201F1196D562100F1F564 /* Vkontakte-iOS-SDK-Swift-LV */ = {
			isa = PBXNativeTarget;
			buildConfigurationList = D552020E196D562100F1F564 /* Build configuration list for PBXNativeTarget "Vkontakte-iOS-SDK-Swift-LV" */;
			buildPhases = (
				D55201EE196D562100F1F564 /* Sources */,
				D55201EF196D562100F1F564 /* Frameworks */,
				D55201F0196D562100F1F564 /* Resources */,
			);
			buildRules = (
			);
			dependencies = (
			);
			name = "Vkontakte-iOS-SDK-Swift-LV";
			productName = "Vkontakte-iOS-SDK-Swift-LV";
			productReference = D55201F2196D562100F1F564 /* Vkontakte-iOS-SDK-Swift-LV.app */;
			productType = "com.apple.product-type.application";
		};
		D5520203196D562100F1F564 /* Vkontakte-iOS-SDK-Swift-LVTests */ = {
			isa = PBXNativeTarget;
			buildConfigurationList = D5520211196D562100F1F564 /* Build configuration list for PBXNativeTarget "Vkontakte-iOS-SDK-Swift-LVTests" */;
			buildPhases = (
				D5520200196D562100F1F564 /* Sources */,
				D5520201196D562100F1F564 /* Frameworks */,
				D5520202196D562100F1F564 /* Resources */,
			);
			buildRules = (
			);
			dependencies = (
				D5520206196D562100F1F564 /* PBXTargetDependency */,
			);
			name = "Vkontakte-iOS-SDK-Swift-LVTests";
			productName = "Vkontakte-iOS-SDK-Swift-LVTests";
			productReference = D5520204196D562100F1F564 /* Vkontakte-iOS-SDK-Swift-LVTests.xctest */;
			productType = "com.apple.product-type.bundle.unit-test";
		};
/* End PBXNativeTarget section */

/* Begin PBXProject section */
		D55201EA196D562100F1F564 /* Project object */ = {
			isa = PBXProject;
			attributes = {
				LastUpgradeCheck = 0600;
				ORGANIZATIONNAME = "Non Atomic Games Inc.";
				TargetAttributes = {
					D55201F1196D562100F1F564 = {
						CreatedOnToolsVersion = 6.0;
					};
					D5520203196D562100F1F564 = {
						CreatedOnToolsVersion = 6.0;
						TestTargetID = D55201F1196D562100F1F564;
					};
				};
			};
			buildConfigurationList = D55201ED196D562100F1F564 /* Build configuration list for PBXProject "Vkontakte-iOS-SDK-Swift-LV" */;
			compatibilityVersion = "Xcode 3.2";
			developmentRegion = English;
			hasScannedForEncodings = 0;
			knownRegions = (
				en,
				Base,
			);
			mainGroup = D55201E9196D562100F1F564;
			productRefGroup = D55201F3196D562100F1F564 /* Products */;
			projectDirPath = "";
			projectRoot = "";
			targets = (
				D55201F1196D562100F1F564 /* Vkontakte-iOS-SDK-Swift-LV */,
				D5520203196D562100F1F564 /* Vkontakte-iOS-SDK-Swift-LVTests */,
			);
		};
/* End PBXProject section */

/* Begin PBXResourcesBuildPhase section */
		D55201F0196D562100F1F564 /* Resources */ = {
			isa = PBXResourcesBuildPhase;
			buildActionMask = 2147483647;
			files = (
				D55201FD196D562100F1F564 /* Main.storyboard in Resources */,
				D55201FF196D562100F1F564 /* Images.xcassets in Resources */,
			);
			runOnlyForDeploymentPostprocessing = 0;
		};
		D5520202196D562100F1F564 /* Resources */ = {
			isa = PBXResourcesBuildPhase;
			buildActionMask = 2147483647;
			files = (
			);
			runOnlyForDeploymentPostprocessing = 0;
		};
/* End PBXResourcesBuildPhase section */

/* Begin PBXSourcesBuildPhase section */
		D55201EE196D562100F1F564 /* Sources */ = {
			isa = PBXSourcesBuildPhase;
			buildActionMask = 2147483647;
			files = (
				D55201FA196D562100F1F564 /* ViewController.swift in Sources */,
				D55201F8196D562100F1F564 /* AppDelegate.swift in Sources */,
			);
			runOnlyForDeploymentPostprocessing = 0;
		};
		D5520200196D562100F1F564 /* Sources */ = {
			isa = PBXSourcesBuildPhase;
			buildActionMask = 2147483647;
			files = (
				D552020B196D562100F1F564 /* Vkontakte_iOS_SDK_Swift_LVTests.swift in Sources */,
			);
			runOnlyForDeploymentPostprocessing = 0;
		};
/* End PBXSourcesBuildPhase section */

/* Begin PBXTargetDependency section */
		D5520206196D562100F1F564 /* PBXTargetDependency */ = {
			isa = PBXTargetDependency;
			target = D55201F1196D562100F1F564 /* Vkontakte-iOS-SDK-Swift-LV */;
			targetProxy = D5520205196D562100F1F564 /* PBXContainerItemProxy */;
		};
/* End PBXTargetDependency section */

/* Begin PBXVariantGroup section */
		D55201FB196D562100F1F564 /* Main.storyboard */ = {
			isa = PBXVariantGroup;
			children = (
				D55201FC196D562100F1F564 /* Base */,
			);
			name = Main.storyboard;
			sourceTree = "<group>";
		};
/* End PBXVariantGroup section */

/* Begin XCBuildConfiguration section */
		D552020C196D562100F1F564 /* Debug */ = {
			isa = XCBuildConfiguration;
			buildSettings = {
				ALWAYS_SEARCH_USER_PATHS = NO;
				CLANG_CXX_LANGUAGE_STANDARD = "gnu++0x";
				CLANG_CXX_LIBRARY = "libc++";
				CLANG_ENABLE_MODULES = YES;
				CLANG_ENABLE_OBJC_ARC = YES;
				CLANG_WARN_BOOL_CONVERSION = YES;
				CLANG_WARN_CONSTANT_CONVERSION = YES;
				CLANG_WARN_DIRECT_OBJC_ISA_USAGE = YES_ERROR;
				CLANG_WARN_EMPTY_BODY = YES;
				CLANG_WARN_ENUM_CONVERSION = YES;
				CLANG_WARN_INT_CONVERSION = YES;
				CLANG_WARN_OBJC_ROOT_CLASS = YES_ERROR;
				CLANG_WARN_UNREACHABLE_CODE = YES;
				CLANG_WARN__DUPLICATE_METHOD_MATCH = YES;
				"CODE_SIGN_IDENTITY[sdk=iphoneos*]" = "iPhone Developer";
				COPY_PHASE_STRIP = NO;
				ENABLE_STRICT_OBJC_MSGSEND = YES;
				GCC_C_LANGUAGE_STANDARD = gnu99;
				GCC_DYNAMIC_NO_PIC = NO;
				GCC_OPTIMIZATION_LEVEL = 0;
				GCC_PREPROCESSOR_DEFINITIONS = (
					"DEBUG=1",
					"$(inherited)",
				);
				GCC_SYMBOLS_PRIVATE_EXTERN = NO;
				GCC_WARN_64_TO_32_BIT_CONVERSION = YES;
				GCC_WARN_ABOUT_RETURN_TYPE = YES_ERROR;
				GCC_WARN_UNDECLARED_SELECTOR = YES;
				GCC_WARN_UNINITIALIZED_AUTOS = YES_AGGRESSIVE;
				GCC_WARN_UNUSED_FUNCTION = YES;
				GCC_WARN_UNUSED_VARIABLE = YES;
				IPHONEOS_DEPLOYMENT_TARGET = 8.0;
				MTL_ENABLE_DEBUG_INFO = YES;
				ONLY_ACTIVE_ARCH = YES;
				SDKROOT = iphoneos;
				SWIFT_OPTIMIZATION_LEVEL = "-Onone";
			};
			name = Debug;
		};
		D552020D196D562100F1F564 /* Release */ = {
			isa = XCBuildConfiguration;
			buildSettings = {
				ALWAYS_SEARCH_USER_PATHS = NO;
				CLANG_CXX_LANGUAGE_STANDARD = "gnu++0x";
				CLANG_CXX_LIBRARY = "libc++";
				CLANG_ENABLE_MODULES = YES;
				CLANG_ENABLE_OBJC_ARC = YES;
				CLANG_WARN_BOOL_CONVERSION = YES;
				CLANG_WARN_CONSTANT_CONVERSION = YES;
				CLANG_WARN_DIRECT_OBJC_ISA_USAGE = YES_ERROR;
				CLANG_WARN_EMPTY_BODY = YES;
				CLANG_WARN_ENUM_CONVERSION = YES;
				CLANG_WARN_INT_CONVERSION = YES;
				CLANG_WARN_OBJC_ROOT_CLASS = YES_ERROR;
				CLANG_WARN_UNREACHABLE_CODE = YES;
				CLANG_WARN__DUPLICATE_METHOD_MATCH = YES;
				"CODE_SIGN_IDENTITY[sdk=iphoneos*]" = "iPhone Developer";
				COPY_PHASE_STRIP = YES;
				ENABLE_NS_ASSERTIONS = NO;
				ENABLE_STRICT_OBJC_MSGSEND = YES;
				GCC_C_LANGUAGE_STANDARD = gnu99;
				GCC_WARN_64_TO_32_BIT_CONVERSION = YES;
				GCC_WARN_ABOUT_RETURN_TYPE = YES_ERROR;
				GCC_WARN_UNDECLARED_SELECTOR = YES;
				GCC_WARN_UNINITIALIZED_AUTOS = YES_AGGRESSIVE;
				GCC_WARN_UNUSED_FUNCTION = YES;
				GCC_WARN_UNUSED_VARIABLE = YES;
				IPHONEOS_DEPLOYMENT_TARGET = 8.0;
				MTL_ENABLE_DEBUG_INFO = NO;
				SDKROOT = iphoneos;
				VALIDATE_PRODUCT = YES;
			};
			name = Release;
		};
		D552020F196D562100F1F564 /* Debug */ = {
			isa = XCBuildConfiguration;
			buildSettings = {
				ASSETCATALOG_COMPILER_APPICON_NAME = AppIcon;
				ASSETCATALOG_COMPILER_LAUNCHIMAGE_NAME = LaunchImage;
				INFOPLIST_FILE = "Vkontakte-iOS-SDK-Swift-LV/Info.plist";
				LD_RUNPATH_SEARCH_PATHS = "$(inherited) @executable_path/Frameworks";
				PRODUCT_NAME = "$(TARGET_NAME)";
			};
			name = Debug;
		};
		D5520210196D562100F1F564 /* Release */ = {
			isa = XCBuildConfiguration;
			buildSettings = {
				ASSETCATALOG_COMPILER_APPICON_NAME = AppIcon;
				ASSETCATALOG_COMPILER_LAUNCHIMAGE_NAME = LaunchImage;
				INFOPLIST_FILE = "Vkontakte-iOS-SDK-Swift-LV/Info.plist";
				LD_RUNPATH_SEARCH_PATHS = "$(inherited) @executable_path/Frameworks";
				PRODUCT_NAME = "$(TARGET_NAME)";
			};
			name = Release;
		};
		D5520212196D562100F1F564 /* Debug */ = {
			isa = XCBuildConfiguration;
			buildSettings = {
				BUNDLE_LOADER = "$(BUILT_PRODUCTS_DIR)/Vkontakte-iOS-SDK-Swift-LV.app/Vkontakte-iOS-SDK-Swift-LV";
				FRAMEWORK_SEARCH_PATHS = (
					"$(SDKROOT)/Developer/Library/Frameworks",
					"$(inherited)",
				);
				GCC_PREPROCESSOR_DEFINITIONS = (
					"DEBUG=1",
					"$(inherited)",
				);
				INFOPLIST_FILE = "Vkontakte-iOS-SDK-Swift-LVTests/Info.plist";
				LD_RUNPATH_SEARCH_PATHS = "$(inherited) @executable_path/Frameworks @loader_path/Frameworks";
				PRODUCT_NAME = "$(TARGET_NAME)";
				TEST_HOST = "$(BUNDLE_LOADER)";
			};
			name = Debug;
		};
		D5520213196D562100F1F564 /* Release */ = {
			isa = XCBuildConfiguration;
			buildSettings = {
				BUNDLE_LOADER = "$(BUILT_PRODUCTS_DIR)/Vkontakte-iOS-SDK-Swift-LV.app/Vkontakte-iOS-SDK-Swift-LV";
				FRAMEWORK_SEARCH_PATHS = (
					"$(SDKROOT)/Developer/Library/Frameworks",
					"$(inherited)",
				);
				INFOPLIST_FILE = "Vkontakte-iOS-SDK-Swift-LVTests/Info.plist";
				LD_RUNPATH_SEARCH_PATHS = "$(inherited) @executable_path/Frameworks @loader_path/Frameworks";
				PRODUCT_NAME = "$(TARGET_NAME)";
				TEST_HOST = "$(BUNDLE_LOADER)";
			};
			name = Release;
		};
/* End XCBuildConfiguration section */

/* Begin XCConfigurationList section */
		D55201ED196D562100F1F564 /* Build configuration list for PBXProject "Vkontakte-iOS-SDK-Swift-LV" */ = {
			isa = XCConfigurationList;
			buildConfigurations = (
				D552020C196D562100F1F564 /* Debug */,
				D552020D196D562100F1F564 /* Release */,
			);
			defaultConfigurationIsVisible = 0;
			defaultConfigurationName = Release;
		};
		D552020E196D562100F1F564 /* Build configuration list for PBXNativeTarget "Vkontakte-iOS-SDK-Swift-LV" */ = {
			isa = XCConfigurationList;
			buildConfigurations = (
				D552020F196D562100F1F564 /* Debug */,
				D5520210196D562100F1F564 /* Release */,
			);
			defaultConfigurationIsVisible = 0;
		};
		D5520211196D562100F1F564 /* Build configuration list for PBXNativeTarget "Vkontakte-iOS-SDK-Swift-LVTests" */ = {
			isa = XCConfigurationList;
			buildConfigurations = (
				D5520212196D562100F1F564 /* Debug */,
				D5520213196D562100F1F564 /* Release */,
			);
			defaultConfigurationIsVisible = 0;
		};
/* End XCConfigurationList section */
	};
	rootObject = D55201EA196D562100F1F564 /* Project object */;
}
